// !$*UTF8*$!
{
	archiveVersion = 1;
	classes = {
	};
	objectVersion = 46;
	objects = {

/* Begin PBXBuildFile section */
		04568B2D1E6499440077947E /* main.swift in Sources */ = {isa = PBXBuildFile; fileRef = 04568B2C1E6499440077947E /* main.swift */; };
		04A101931EB1108200E604C4 /* StreamlinedEcosystem.swift in Sources */ = {isa = PBXBuildFile; fileRef = 04A101921EB1108200E604C4 /* StreamlinedEcosystem.swift */; };
		04A101951EB1304000E604C4 /* FactorData.plist in Sources */ = {isa = PBXBuildFile; fileRef = 04A101941EB126E900E604C4 /* FactorData.plist */; };
		04F63E3B1E6628A700B92D64 /* Factor.swift in Sources */ = {isa = PBXBuildFile; fileRef = 04F63E361E6628A700B92D64 /* Factor.swift */; };
/* End PBXBuildFile section */

/* Begin PBXCopyFilesBuildPhase section */
		04568B271E6499430077947E /* CopyFiles */ = {
			isa = PBXCopyFilesBuildPhase;
			buildActionMask = 2147483647;
			dstPath = /usr/share/man/man1/;
			dstSubfolderSpec = 0;
			files = (
			);
			runOnlyForDeploymentPostprocessing = 1;
		};
/* End PBXCopyFilesBuildPhase section */

/* Begin PBXFileReference section */
		04568B291E6499440077947E /* Ecolo Model Testing */ = {isa = PBXFileReference; explicitFileType = "compiled.mach-o.executable"; includeInIndex = 0; path = "Ecolo Model Testing"; sourceTree = BUILT_PRODUCTS_DIR; };
		04568B2C1E6499440077947E /* main.swift */ = {isa = PBXFileReference; lastKnownFileType = sourcecode.swift; path = main.swift; sourceTree = "<group>"; };
		04A101921EB1108200E604C4 /* StreamlinedEcosystem.swift */ = {isa = PBXFileReference; fileEncoding = 4; lastKnownFileType = sourcecode.swift; path = StreamlinedEcosystem.swift; sourceTree = "<group>"; };
		04A101941EB126E900E604C4 /* FactorData.plist */ = {isa = PBXFileReference; fileEncoding = 4; lastKnownFileType = text.plist.xml; path = FactorData.plist; sourceTree = "<group>"; };
		04F63E361E6628A700B92D64 /* Factor.swift */ = {isa = PBXFileReference; fileEncoding = 4; lastKnownFileType = sourcecode.swift; path = Factor.swift; sourceTree = "<group>"; };
/* End PBXFileReference section */

/* Begin PBXFrameworksBuildPhase section */
		04568B261E6499430077947E /* Frameworks */ = {
			isa = PBXFrameworksBuildPhase;
			buildActionMask = 2147483647;
			files = (
			);
			runOnlyForDeploymentPostprocessing = 0;
		};
/* End PBXFrameworksBuildPhase section */

/* Begin PBXGroup section */
		04568B201E6499430077947E = {
			isa = PBXGroup;
			children = (
				04568B2B1E6499440077947E /* Ecolo Model Testing */,
				04568B2A1E6499440077947E /* Products */,
			);
			sourceTree = "<group>";
		};
		04568B2A1E6499440077947E /* Products */ = {
			isa = PBXGroup;
			children = (
				04568B291E6499440077947E /* Ecolo Model Testing */,
			);
			name = Products;
			sourceTree = "<group>";
		};
		04568B2B1E6499440077947E /* Ecolo Model Testing */ = {
			isa = PBXGroup;
			children = (
				04568B2C1E6499440077947E /* main.swift */,
				04F63E361E6628A700B92D64 /* Factor.swift */,
				04A101921EB1108200E604C4 /* StreamlinedEcosystem.swift */,
				04A101941EB126E900E604C4 /* FactorData.plist */,
			);
			path = "Ecolo Model Testing";
			sourceTree = "<group>";
		};
/* End PBXGroup section */

/* Begin PBXNativeTarget section */
		04568B281E6499430077947E /* Ecolo Model Testing */ = {
			isa = PBXNativeTarget;
			buildConfigurationList = 04568B301E6499440077947E /* Build configuration list for PBXNativeTarget "Ecolo Model Testing" */;
			buildPhases = (
				04568B251E6499430077947E /* Sources */,
				04568B261E6499430077947E /* Frameworks */,
				04568B271E6499430077947E /* CopyFiles */,
			);
			buildRules = (
			);
			dependencies = (
			);
			name = "Ecolo Model Testing";
			productName = "Ecolo Model Testing";
			productReference = 04568B291E6499440077947E /* Ecolo Model Testing */;
			productType = "com.apple.product-type.tool";
		};
/* End PBXNativeTarget section */

/* Begin PBXProject section */
		04568B211E6499430077947E /* Project object */ = {
			isa = PBXProject;
			attributes = {
				LastSwiftUpdateCheck = 0820;
				LastUpgradeCheck = 0820;
				ORGANIZATIONNAME = "Jonathan J. Lee";
				TargetAttributes = {
					04568B281E6499430077947E = {
						CreatedOnToolsVersion = 8.2.1;
						ProvisioningStyle = Automatic;
					};
				};
			};
			buildConfigurationList = 04568B241E6499430077947E /* Build configuration list for PBXProject "Ecolo Model Testing" */;
			compatibilityVersion = "Xcode 3.2";
			developmentRegion = English;
			hasScannedForEncodings = 0;
			knownRegions = (
				en,
			);
			mainGroup = 04568B201E6499430077947E;
			productRefGroup = 04568B2A1E6499440077947E /* Products */;
			projectDirPath = "";
			projectRoot = "";
			targets = (
				04568B281E6499430077947E /* Ecolo Model Testing */,
			);
		};
/* End PBXProject section */

/* Begin PBXSourcesBuildPhase section */
		04568B251E6499430077947E /* Sources */ = {
			isa = PBXSourcesBuildPhase;
			buildActionMask = 2147483647;
			files = (
				04A101951EB1304000E604C4 /* FactorData.plist in Sources */,
				04F63E3B1E6628A700B92D64 /* Factor.swift in Sources */,
				04A101931EB1108200E604C4 /* StreamlinedEcosystem.swift in Sources */,
				04568B2D1E6499440077947E /* main.swift in Sources */,
			);
			runOnlyForDeploymentPostprocessing = 0;
		};
/* End PBXSourcesBuildPhase section */

/* Begin XCBuildConfiguration section */
		04568B2E1E6499440077947E /* Debug */ = {
			isa = XCBuildConfiguration;
			buildSettings = {
				ALWAYS_SEARCH_USER_PATHS = NO;
				CLANG_ANALYZER_NONNULL = YES;
				CLANG_CXX_LANGUAGE_STANDARD = "gnu++0x";
				CLANG_CXX_LIBRARY = "libc++";
				CLANG_ENABLE_MODULES = YES;
				CLANG_ENABLE_OBJC_ARC = YES;
				CLANG_WARN_BOOL_CONVERSION = YES;
				CLANG_WARN_CONSTANT_CONVERSION = YES;
				CLANG_WARN_DIRECT_OBJC_ISA_USAGE = YES_ERROR;
				CLANG_WARN_DOCUMENTATION_COMMENTS = YES;
				CLANG_WARN_EMPTY_BODY = YES;
				CLANG_WARN_ENUM_CONVERSION = YES;
				CLANG_WARN_INFINITE_RECURSION = YES;
				CLANG_WARN_INT_CONVERSION = YES;
				CLANG_WARN_OBJC_ROOT_CLASS = YES_ERROR;
				CLANG_WARN_SUSPICIOUS_MOVE = YES;
				CLANG_WARN_UNREACHABLE_CODE = YES;
				CLANG_WARN__DUPLICATE_METHOD_MATCH = YES;
				CODE_SIGN_IDENTITY = "-";
				COPY_PHASE_STRIP = NO;
				DEBUG_INFORMATION_FORMAT = dwarf;
				ENABLE_STRICT_OBJC_MSGSEND = YES;
				ENABLE_TESTABILITY = YES;
				GCC_C_LANGUAGE_STANDARD = gnu99;
				GCC_DYNAMIC_NO_PIC = NO;
				GCC_NO_COMMON_BLOCKS = YES;
				GCC_OPTIMIZATION_LEVEL = 0;
				GCC_PREPROCESSOR_DEFINITIONS = (
					"DEBUG=1",
					"$(inherited)",
				);
				GCC_WARN_64_TO_32_BIT_CONVERSION = YES;
				GCC_WARN_ABOUT_RETURN_TYPE = YES_ERROR;
				GCC_WARN_UNDECLARED_SELECTOR = YES;
				GCC_WARN_UNINITIALIZED_AUTOS = YES_AGGRESSIVE;
				GCC_WARN_UNUSED_FUNCTION = YES;
				GCC_WARN_UNUSED_VARIABLE = YES;
				MACOSX_DEPLOYMENT_TARGET = 10.12;
				MTL_ENABLE_DEBUG_INFO = YES;
				ONLY_ACTIVE_ARCH = YES;
				SDKROOT = macosx;
				SWIFT_OPTIMIZATION_LEVEL = "-Onone";
			};
			name = Debug;
		};
		04568B2F1E6499440077947E /* Release */ = {
			isa = XCBuildConfiguration;
			buildSettings = {
				ALWAYS_SEARCH_USER_PATHS = NO;
				CLANG_ANALYZER_NONNULL = YES;
				CLANG_CXX_LANGUAGE_STANDARD = "gnu++0x";
				CLANG_CXX_LIBRARY = "libc++";
				CLANG_ENABLE_MODULES = YES;
				CLANG_ENABLE_OBJC_ARC = YES;
				CLANG_WARN_BOOL_CONVERSION = YES;
				CLANG_WARN_CONSTANT_CONVERSION = YES;
				CLANG_WARN_DIRECT_OBJC_ISA_USAGE = YES_ERROR;
				CLANG_WARN_DOCUMENTATION_COMMENTS = YES;
				CLANG_WARN_EMPTY_BODY = YES;
				CLANG_WARN_ENUM_CONVERSION = YES;
				CLANG_WARN_INFINITE_RECURSION = YES;
				CLANG_WARN_INT_CONVERSION = YES;
				CLANG_WARN_OBJC_ROOT_CLASS = YES_ERROR;
				CLANG_WARN_SUSPICIOUS_MOVE = YES;
				CLANG_WARN_UNREACHABLE_CODE = YES;
				CLANG_WARN__DUPLICATE_METHOD_MATCH = YES;
				CODE_SIGN_IDENTITY = "-";
				COPY_PHASE_STRIP = NO;
				DEBUG_INFORMATION_FORMAT = "dwarf-with-dsym";
				ENABLE_NS_ASSERTIONS = NO;
				ENABLE_STRICT_OBJC_MSGSEND = YES;
				GCC_C_LANGUAGE_STANDARD = gnu99;
				GCC_NO_COMMON_BLOCKS = YES;
				GCC_WARN_64_TO_32_BIT_CONVERSION = YES;
				GCC_WARN_ABOUT_RETURN_TYPE = YES_ERROR;
				GCC_WARN_UNDECLARED_SELECTOR = YES;
				GCC_WARN_UNINITIALIZED_AUTOS = YES_AGGRESSIVE;
				GCC_WARN_UNUSED_FUNCTION = YES;
				GCC_WARN_UNUSED_VARIABLE = YES;
				MACOSX_DEPLOYMENT_TARGET = 10.12;
				MTL_ENABLE_DEBUG_INFO = NO;
				SDKROOT = macosx;
			};
			name = Release;
		};
		04568B311E6499440077947E /* Debug */ = {
			isa = XCBuildConfiguration;
			buildSettings = {
				MACOSX_DEPLOYMENT_TARGET = 10.11;
				PRODUCT_NAME = "$(TARGET_NAME)";
				SWIFT_VERSION = 3.0;
			};
			name = Debug;
		};
		04568B321E6499440077947E /* Release */ = {
			isa = XCBuildConfiguration;
			buildSettings = {
				MACOSX_DEPLOYMENT_TARGET = 10.11;
				PRODUCT_NAME = "$(TARGET_NAME)";
				SWIFT_VERSION = 3.0;
			};
			name = Release;
		};
/* End XCBuildConfiguration section */

/* Begin XCConfigurationList section */
		04568B241E6499430077947E /* Build configuration list for PBXProject "Ecolo Model Testing" */ = {
			isa = XCConfigurationList;
			buildConfigurations = (
				04568B2E1E6499440077947E /* Debug */,
				04568B2F1E6499440077947E /* Release */,
			);
			defaultConfigurationIsVisible = 0;
			defaultConfigurationName = Release;
		};
		04568B301E6499440077947E /* Build configuration list for PBXNativeTarget "Ecolo Model Testing" */ = {
			isa = XCConfigurationList;
			buildConfigurations = (
				04568B311E6499440077947E /* Debug */,
				04568B321E6499440077947E /* Release */,
			);
			defaultConfigurationIsVisible = 0;
			defaultConfigurationName = Release;
		};
/* End XCConfigurationList section */
	};
	rootObject = 04568B211E6499430077947E /* Project object */;
}
